
Microsoft Visual Studio Solution File, Format Version 12.00
# Visual Studio Version 16
VisualStudioVersion = 16.0.30717.126
MinimumVisualStudioVersion = 10.0.40219.1
Project("{FAE04EC0-301F-11D3-BF4B-00C04F79EFBC}") = "day15-2", "day15-2\day15-2.csproj", "{81AA5E35-BA10-443A-9986-25DBFF369808}"
EndProject
Global
	GlobalSection(SolutionConfigurationPlatforms) = preSolution
		Debug|Any CPU = Debug|Any CPU
		Release|Any CPU = Release|Any CPU
	EndGlobalSection
	GlobalSection(ProjectConfigurationPlatforms) = postSolution
		{81AA5E35-BA10-443A-9986-25DBFF369808}.Debug|Any CPU.ActiveCfg = Debug|Any CPU
		{81AA5E35-BA10-443A-9986-25DBFF369808}.Debug|Any CPU.Build.0 = Debug|Any CPU
		{81AA5E35-BA10-443A-9986-25DBFF369808}.Release|Any CPU.ActiveCfg = Release|Any CPU
		{81AA5E35-BA10-443A-9986-25DBFF369808}.Release|Any CPU.Build.0 = Release|Any CPU
	EndGlobalSection
	GlobalSection(SolutionProperties) = preSolution
		HideSolutionNode = FALSE
	EndGlobalSection
	GlobalSection(ExtensibilityGlobals) = postSolution
		SolutionGuid = {5CF102AA-01D7-45A7-90D7-54C738FA213A}
	EndGlobalSection
EndGlobal
